
Microsoft Visual Studio Solution File, Format Version 12.00
# Visual Studio Version 16
VisualStudioVersion = 16.0.28803.202
MinimumVisualStudioVersion = 10.0.40219.1
Project("{FAE04EC0-301F-11D3-BF4B-00C04F79EFBC}") = "Wpf_pr1", "Wpf_pr1\Wpf_pr1.csproj", "{920069F1-4F21-4D08-9EA5-977E2223F614}"
EndProject
Global
	GlobalSection(SolutionConfigurationPlatforms) = preSolution
		Debug|Any CPU = Debug|Any CPU
		Release|Any CPU = Release|Any CPU
	EndGlobalSection
	GlobalSection(ProjectConfigurationPlatforms) = postSolution
		{920069F1-4F21-4D08-9EA5-977E2223F614}.Debug|Any CPU.ActiveCfg = Debug|Any CPU
		{920069F1-4F21-4D08-9EA5-977E2223F614}.Debug|Any CPU.Build.0 = Debug|Any CPU
		{920069F1-4F21-4D08-9EA5-977E2223F614}.Release|Any CPU.ActiveCfg = Release|Any CPU
		{920069F1-4F21-4D08-9EA5-977E2223F614}.Release|Any CPU.Build.0 = Release|Any CPU
	EndGlobalSection
	GlobalSection(SolutionProperties) = preSolution
		HideSolutionNode = FALSE
	EndGlobalSection
	GlobalSection(ExtensibilityGlobals) = postSolution
		SolutionGuid = {40470858-7DE4-4163-A775-9B8F756CB302}
	EndGlobalSection
EndGlobal
